
Microsoft Visual Studio Solution File, Format Version 12.00
# Visual Studio Version 17
VisualStudioVersion = 17.5.002.0
MinimumVisualStudioVersion = 10.0.40219.1
Project("{2150E333-8FDC-42A3-9474-1A3956D46DE8}") = "Backend", "Backend", "{A12F6686-67FE-44FA-918A-F068B0079ADB}"
EndProject
Project("{9A19103F-16F7-4668-BE54-9A1E7A4F7556}") = "GerarPdf", "Backend\GerarPdf\GerarPdf.csproj", "{8DF1077A-3801-4DC6-A22B-AC9043418F9B}"
EndProject
Project("{9A19103F-16F7-4668-BE54-9A1E7A4F7556}") = "GerarPdf.Tests", "Backend\GerarPdf.Tests\GerarPdf.Tests.csproj", "{AFA4D05D-BFE5-4C0B-9E4E-6087D8501A9D}"
EndProject
Global
	GlobalSection(SolutionConfigurationPlatforms) = preSolution
		Debug|Any CPU = Debug|Any CPU
		Release|Any CPU = Release|Any CPU
	EndGlobalSection
	GlobalSection(ProjectConfigurationPlatforms) = postSolution
		{8DF1077A-3801-4DC6-A22B-AC9043418F9B}.Debug|Any CPU.ActiveCfg = Debug|Any CPU
		{8DF1077A-3801-4DC6-A22B-AC9043418F9B}.Debug|Any CPU.Build.0 = Debug|Any CPU
		{8DF1077A-3801-4DC6-A22B-AC9043418F9B}.Release|Any CPU.ActiveCfg = Release|Any CPU
		{8DF1077A-3801-4DC6-A22B-AC9043418F9B}.Release|Any CPU.Build.0 = Release|Any CPU
		{AFA4D05D-BFE5-4C0B-9E4E-6087D8501A9D}.Debug|Any CPU.ActiveCfg = Debug|Any CPU
		{AFA4D05D-BFE5-4C0B-9E4E-6087D8501A9D}.Debug|Any CPU.Build.0 = Debug|Any CPU
		{AFA4D05D-BFE5-4C0B-9E4E-6087D8501A9D}.Release|Any CPU.ActiveCfg = Release|Any CPU
		{AFA4D05D-BFE5-4C0B-9E4E-6087D8501A9D}.Release|Any CPU.Build.0 = Release|Any CPU
	EndGlobalSection
	GlobalSection(SolutionProperties) = preSolution
		HideSolutionNode = FALSE
	EndGlobalSection
	GlobalSection(NestedProjects) = preSolution
		{8DF1077A-3801-4DC6-A22B-AC9043418F9B} = {A12F6686-67FE-44FA-918A-F068B0079ADB}
		{AFA4D05D-BFE5-4C0B-9E4E-6087D8501A9D} = {A12F6686-67FE-44FA-918A-F068B0079ADB}
	EndGlobalSection
	GlobalSection(ExtensibilityGlobals) = postSolution
		SolutionGuid = {712C8B2E-6CE5-4AA6-A07A-B2D13715342C}
	EndGlobalSection
EndGlobal
